
Microsoft Visual Studio Solution File, Format Version 12.00
# Visual Studio Version 17
VisualStudioVersion = 17.8.34309.116
MinimumVisualStudioVersion = 10.0.40219.1
Project("{FAE04EC0-301F-11D3-BF4B-00C04F79EFBC}") = "company.G03.PL", "company.G03\company.G03.PL.csproj", "{352BB1C8-C936-4178-A13F-BCE170604375}"
EndProject
Project("{FAE04EC0-301F-11D3-BF4B-00C04F79EFBC}") = "company.G03.DAL", "company.G03.DAL\company.G03.DAL.csproj", "{879824C0-A6A4-4962-85AA-6762F04A6AB3}"
EndProject
Project("{FAE04EC0-301F-11D3-BF4B-00C04F79EFBC}") = "company.G03.BLL", "company.G03.BLL\company.G03.BLL.csproj", "{AF83BBC7-AEE4-48B2-AE76-0C477FB1362C}"
EndProject
Global
	GlobalSection(SolutionConfigurationPlatforms) = preSolution
		Debug|Any CPU = Debug|Any CPU
		Release|Any CPU = Release|Any CPU
	EndGlobalSection
	GlobalSection(ProjectConfigurationPlatforms) = postSolution
		{352BB1C8-C936-4178-A13F-BCE170604375}.Debug|Any CPU.ActiveCfg = Debug|Any CPU
		{352BB1C8-C936-4178-A13F-BCE170604375}.Debug|Any CPU.Build.0 = Debug|Any CPU
		{352BB1C8-C936-4178-A13F-BCE170604375}.Release|Any CPU.ActiveCfg = Release|Any CPU
		{352BB1C8-C936-4178-A13F-BCE170604375}.Release|Any CPU.Build.0 = Release|Any CPU
		{879824C0-A6A4-4962-85AA-6762F04A6AB3}.Debug|Any CPU.ActiveCfg = Debug|Any CPU
		{879824C0-A6A4-4962-85AA-6762F04A6AB3}.Debug|Any CPU.Build.0 = Debug|Any CPU
		{879824C0-A6A4-4962-85AA-6762F04A6AB3}.Release|Any CPU.ActiveCfg = Release|Any CPU
		{879824C0-A6A4-4962-85AA-6762F04A6AB3}.Release|Any CPU.Build.0 = Release|Any CPU
		{AF83BBC7-AEE4-48B2-AE76-0C477FB1362C}.Debug|Any CPU.ActiveCfg = Debug|Any CPU
		{AF83BBC7-AEE4-48B2-AE76-0C477FB1362C}.Debug|Any CPU.Build.0 = Debug|Any CPU
		{AF83BBC7-AEE4-48B2-AE76-0C477FB1362C}.Release|Any CPU.ActiveCfg = Release|Any CPU
		{AF83BBC7-AEE4-48B2-AE76-0C477FB1362C}.Release|Any CPU.Build.0 = Release|Any CPU
	EndGlobalSection
	GlobalSection(SolutionProperties) = preSolution
		HideSolutionNode = FALSE
	EndGlobalSection
	GlobalSection(ExtensibilityGlobals) = postSolution
		SolutionGuid = {520B88D8-2465-4093-B5FB-A26B7A1D0A85}
	EndGlobalSection
EndGlobal
